// !$*UTF8*$!
{
	archiveVersion = 1;
	classes = {
	};
	objectVersion = 50;
	objects = {

/* Begin PBXBuildFile section */
		9667982E2687AC9300A5862A /* TaskList.swift in Sources */ = {isa = PBXBuildFile; fileRef = 9667982D2687AC9300A5862A /* TaskList.swift */; };
		966798302687AF4100A5862A /* TaskListBuilder.swift in Sources */ = {isa = PBXBuildFile; fileRef = 9667982F2687AF4100A5862A /* TaskListBuilder.swift */; };
		966798332687B1C000A5862A /* UIColor.swift in Sources */ = {isa = PBXBuildFile; fileRef = 966798322687B1C000A5862A /* UIColor.swift */; };
		966798362687B2EE00A5862A /* UIColorTests.swift in Sources */ = {isa = PBXBuildFile; fileRef = 966798352687B2EE00A5862A /* UIColorTests.swift */; };
		966798392687B93900A5862A /* TaskListBuilderTests.swift in Sources */ = {isa = PBXBuildFile; fileRef = 966798382687B93900A5862A /* TaskListBuilderTests.swift */; };
		9667983B2688F79400A5862A /* CodeList.swift in Sources */ = {isa = PBXBuildFile; fileRef = 9667983A2688F79400A5862A /* CodeList.swift */; };
		9667983D2688F85900A5862A /* TaskPriority.swift in Sources */ = {isa = PBXBuildFile; fileRef = 9667983C2688F85900A5862A /* TaskPriority.swift */; };
		9667983F268A41EA00A5862A /* TaskStatus.swift in Sources */ = {isa = PBXBuildFile; fileRef = 9667983E268A41EA00A5862A /* TaskStatus.swift */; };
		96C487BC268CEDF60027D24D /* AppModel.swift in Sources */ = {isa = PBXBuildFile; fileRef = 96C487BB268CEDF60027D24D /* AppModel.swift */; };
		96C487BE268CEF940027D24D /* MockAppModel.swift in Sources */ = {isa = PBXBuildFile; fileRef = 96C487BD268CEF940027D24D /* MockAppModel.swift */; };
		96C487C0268D9E0E0027D24D /* AppModelTests.swift in Sources */ = {isa = PBXBuildFile; fileRef = 96C487BF268D9E0E0027D24D /* AppModelTests.swift */; };
		96DD8CC02653D376005AC00A /* AppDelegate.swift in Sources */ = {isa = PBXBuildFile; fileRef = 96DD8CBF2653D376005AC00A /* AppDelegate.swift */; };
		96DD8CC22653D376005AC00A /* SceneDelegate.swift in Sources */ = {isa = PBXBuildFile; fileRef = 96DD8CC12653D376005AC00A /* SceneDelegate.swift */; };
		96DD8CC42653D376005AC00A /* ViewController.swift in Sources */ = {isa = PBXBuildFile; fileRef = 96DD8CC32653D376005AC00A /* ViewController.swift */; };
		96DD8CC72653D376005AC00A /* Main.storyboard in Resources */ = {isa = PBXBuildFile; fileRef = 96DD8CC52653D376005AC00A /* Main.storyboard */; };
		96DD8CC92653D378005AC00A /* Assets.xcassets in Resources */ = {isa = PBXBuildFile; fileRef = 96DD8CC82653D378005AC00A /* Assets.xcassets */; };
		96DD8CCC2653D378005AC00A /* LaunchScreen.storyboard in Resources */ = {isa = PBXBuildFile; fileRef = 96DD8CCA2653D378005AC00A /* LaunchScreen.storyboard */; };
		96DD8CD72653D378005AC00A /* TODOerTests.swift in Sources */ = {isa = PBXBuildFile; fileRef = 96DD8CD62653D378005AC00A /* TODOerTests.swift */; };
		96DD8CE22653D378005AC00A /* TODOerUITests.swift in Sources */ = {isa = PBXBuildFile; fileRef = 96DD8CE12653D378005AC00A /* TODOerUITests.swift */; };
		96DD8CF02653D48C005AC00A /* .gitignore in Resources */ = {isa = PBXBuildFile; fileRef = 96DD8CEF2653D48C005AC00A /* .gitignore */; };
		96DD8CF72653D8D7005AC00A /* Podfile in Resources */ = {isa = PBXBuildFile; fileRef = 96DD8CF62653D8D7005AC00A /* Podfile */; };
		96DD8CFC2653DC03005AC00A /* .swiftlint.yml in Resources */ = {isa = PBXBuildFile; fileRef = 96DD8CFB2653DC03005AC00A /* .swiftlint.yml */; };
		A217745EA6841A879C8E8EE5 /* Pods_TODOerTests.framework in Frameworks */ = {isa = PBXBuildFile; fileRef = AB99BDD48B2EC3643E4D62FD /* Pods_TODOerTests.framework */; };
		B0EE85DD9AD414C95F415A8D /* Pods_TODOer_TODOerUITests.framework in Frameworks */ = {isa = PBXBuildFile; fileRef = 988D327E73A9221500537311 /* Pods_TODOer_TODOerUITests.framework */; };
		E49FDD1C1FB6FF14D3A182DA /* Pods_TODOer.framework in Frameworks */ = {isa = PBXBuildFile; fileRef = D72D2968E81C0265A3322E0D /* Pods_TODOer.framework */; };
/* End PBXBuildFile section */

/* Begin PBXContainerItemProxy section */
		96DD8CD32653D378005AC00A /* PBXContainerItemProxy */ = {
			isa = PBXContainerItemProxy;
			containerPortal = 96DD8CB42653D376005AC00A /* Project object */;
			proxyType = 1;
			remoteGlobalIDString = 96DD8CBB2653D376005AC00A;
			remoteInfo = TODOer;
		};
		96DD8CDE2653D378005AC00A /* PBXContainerItemProxy */ = {
			isa = PBXContainerItemProxy;
			containerPortal = 96DD8CB42653D376005AC00A /* Project object */;
			proxyType = 1;
			remoteGlobalIDString = 96DD8CBB2653D376005AC00A;
			remoteInfo = TODOer;
		};
/* End PBXContainerItemProxy section */

/* Begin PBXFileReference section */
		19F12506F8C71A48B2836F47 /* Pods-TODOer.release.xcconfig */ = {isa = PBXFileReference; includeInIndex = 1; lastKnownFileType = text.xcconfig; name = "Pods-TODOer.release.xcconfig"; path = "Target Support Files/Pods-TODOer/Pods-TODOer.release.xcconfig"; sourceTree = "<group>"; };
		76E1DB33E585C4D3497469DF /* Pods-TODOerTests.release.xcconfig */ = {isa = PBXFileReference; includeInIndex = 1; lastKnownFileType = text.xcconfig; name = "Pods-TODOerTests.release.xcconfig"; path = "Target Support Files/Pods-TODOerTests/Pods-TODOerTests.release.xcconfig"; sourceTree = "<group>"; };
		9667982D2687AC9300A5862A /* TaskList.swift */ = {isa = PBXFileReference; lastKnownFileType = sourcecode.swift; path = TaskList.swift; sourceTree = "<group>"; };
		9667982F2687AF4100A5862A /* TaskListBuilder.swift */ = {isa = PBXFileReference; lastKnownFileType = sourcecode.swift; path = TaskListBuilder.swift; sourceTree = "<group>"; };
		966798322687B1C000A5862A /* UIColor.swift */ = {isa = PBXFileReference; lastKnownFileType = sourcecode.swift; path = UIColor.swift; sourceTree = "<group>"; };
		966798352687B2EE00A5862A /* UIColorTests.swift */ = {isa = PBXFileReference; lastKnownFileType = sourcecode.swift; path = UIColorTests.swift; sourceTree = "<group>"; };
		966798382687B93900A5862A /* TaskListBuilderTests.swift */ = {isa = PBXFileReference; lastKnownFileType = sourcecode.swift; path = TaskListBuilderTests.swift; sourceTree = "<group>"; };
		9667983A2688F79400A5862A /* CodeList.swift */ = {isa = PBXFileReference; lastKnownFileType = sourcecode.swift; path = CodeList.swift; sourceTree = "<group>"; };
		9667983C2688F85900A5862A /* TaskPriority.swift */ = {isa = PBXFileReference; lastKnownFileType = sourcecode.swift; path = TaskPriority.swift; sourceTree = "<group>"; };
		9667983E268A41EA00A5862A /* TaskStatus.swift */ = {isa = PBXFileReference; lastKnownFileType = sourcecode.swift; path = TaskStatus.swift; sourceTree = "<group>"; };
		96C487BB268CEDF60027D24D /* AppModel.swift */ = {isa = PBXFileReference; lastKnownFileType = sourcecode.swift; path = AppModel.swift; sourceTree = "<group>"; };
		96C487BD268CEF940027D24D /* MockAppModel.swift */ = {isa = PBXFileReference; lastKnownFileType = sourcecode.swift; path = MockAppModel.swift; sourceTree = "<group>"; };
		96C487BF268D9E0E0027D24D /* AppModelTests.swift */ = {isa = PBXFileReference; lastKnownFileType = sourcecode.swift; path = AppModelTests.swift; sourceTree = "<group>"; };
		96DD8CBC2653D376005AC00A /* TODOer.app */ = {isa = PBXFileReference; explicitFileType = wrapper.application; includeInIndex = 0; path = TODOer.app; sourceTree = BUILT_PRODUCTS_DIR; };
		96DD8CBF2653D376005AC00A /* AppDelegate.swift */ = {isa = PBXFileReference; lastKnownFileType = sourcecode.swift; path = AppDelegate.swift; sourceTree = "<group>"; };
		96DD8CC12653D376005AC00A /* SceneDelegate.swift */ = {isa = PBXFileReference; lastKnownFileType = sourcecode.swift; path = SceneDelegate.swift; sourceTree = "<group>"; };
		96DD8CC32653D376005AC00A /* ViewController.swift */ = {isa = PBXFileReference; lastKnownFileType = sourcecode.swift; path = ViewController.swift; sourceTree = "<group>"; };
		96DD8CC62653D376005AC00A /* Base */ = {isa = PBXFileReference; lastKnownFileType = file.storyboard; name = Base; path = Base.lproj/Main.storyboard; sourceTree = "<group>"; };
		96DD8CC82653D378005AC00A /* Assets.xcassets */ = {isa = PBXFileReference; lastKnownFileType = folder.assetcatalog; path = Assets.xcassets; sourceTree = "<group>"; };
		96DD8CCB2653D378005AC00A /* Base */ = {isa = PBXFileReference; lastKnownFileType = file.storyboard; name = Base; path = Base.lproj/LaunchScreen.storyboard; sourceTree = "<group>"; };
		96DD8CCD2653D378005AC00A /* Info.plist */ = {isa = PBXFileReference; lastKnownFileType = text.plist.xml; path = Info.plist; sourceTree = "<group>"; };
		96DD8CD22653D378005AC00A /* TODOerTests.xctest */ = {isa = PBXFileReference; explicitFileType = wrapper.cfbundle; includeInIndex = 0; path = TODOerTests.xctest; sourceTree = BUILT_PRODUCTS_DIR; };
		96DD8CD62653D378005AC00A /* TODOerTests.swift */ = {isa = PBXFileReference; lastKnownFileType = sourcecode.swift; path = TODOerTests.swift; sourceTree = "<group>"; };
		96DD8CD82653D378005AC00A /* Info.plist */ = {isa = PBXFileReference; lastKnownFileType = text.plist.xml; path = Info.plist; sourceTree = "<group>"; };
		96DD8CDD2653D378005AC00A /* TODOerUITests.xctest */ = {isa = PBXFileReference; explicitFileType = wrapper.cfbundle; includeInIndex = 0; path = TODOerUITests.xctest; sourceTree = BUILT_PRODUCTS_DIR; };
		96DD8CE12653D378005AC00A /* TODOerUITests.swift */ = {isa = PBXFileReference; lastKnownFileType = sourcecode.swift; path = TODOerUITests.swift; sourceTree = "<group>"; };
		96DD8CE32653D378005AC00A /* Info.plist */ = {isa = PBXFileReference; lastKnownFileType = text.plist.xml; path = Info.plist; sourceTree = "<group>"; };
		96DD8CEF2653D48C005AC00A /* .gitignore */ = {isa = PBXFileReference; lastKnownFileType = text; path = .gitignore; sourceTree = "<group>"; };
		96DD8CF62653D8D7005AC00A /* Podfile */ = {isa = PBXFileReference; fileEncoding = 4; lastKnownFileType = text; path = Podfile; sourceTree = "<group>"; xcLanguageSpecificationIdentifier = xcode.lang.ruby; };
		96DD8CFB2653DC03005AC00A /* .swiftlint.yml */ = {isa = PBXFileReference; lastKnownFileType = text.yaml; path = .swiftlint.yml; sourceTree = "<group>"; };
		988D327E73A9221500537311 /* Pods_TODOer_TODOerUITests.framework */ = {isa = PBXFileReference; explicitFileType = wrapper.framework; includeInIndex = 0; path = Pods_TODOer_TODOerUITests.framework; sourceTree = BUILT_PRODUCTS_DIR; };
		AB99BDD48B2EC3643E4D62FD /* Pods_TODOerTests.framework */ = {isa = PBXFileReference; explicitFileType = wrapper.framework; includeInIndex = 0; path = Pods_TODOerTests.framework; sourceTree = BUILT_PRODUCTS_DIR; };
		C848D24C74BCE2D0A771325E /* Pods-TODOer-TODOerUITests.release.xcconfig */ = {isa = PBXFileReference; includeInIndex = 1; lastKnownFileType = text.xcconfig; name = "Pods-TODOer-TODOerUITests.release.xcconfig"; path = "Target Support Files/Pods-TODOer-TODOerUITests/Pods-TODOer-TODOerUITests.release.xcconfig"; sourceTree = "<group>"; };
		D72D2968E81C0265A3322E0D /* Pods_TODOer.framework */ = {isa = PBXFileReference; explicitFileType = wrapper.framework; includeInIndex = 0; path = Pods_TODOer.framework; sourceTree = BUILT_PRODUCTS_DIR; };
		EA5ECA34D8592931B107D811 /* Pods-TODOerTests.debug.xcconfig */ = {isa = PBXFileReference; includeInIndex = 1; lastKnownFileType = text.xcconfig; name = "Pods-TODOerTests.debug.xcconfig"; path = "Target Support Files/Pods-TODOerTests/Pods-TODOerTests.debug.xcconfig"; sourceTree = "<group>"; };
		F9F55C4245965EBB891CB88F /* Pods-TODOer-TODOerUITests.debug.xcconfig */ = {isa = PBXFileReference; includeInIndex = 1; lastKnownFileType = text.xcconfig; name = "Pods-TODOer-TODOerUITests.debug.xcconfig"; path = "Target Support Files/Pods-TODOer-TODOerUITests/Pods-TODOer-TODOerUITests.debug.xcconfig"; sourceTree = "<group>"; };
		FF8252F210452D8D53636FE7 /* Pods-TODOer.debug.xcconfig */ = {isa = PBXFileReference; includeInIndex = 1; lastKnownFileType = text.xcconfig; name = "Pods-TODOer.debug.xcconfig"; path = "Target Support Files/Pods-TODOer/Pods-TODOer.debug.xcconfig"; sourceTree = "<group>"; };
/* End PBXFileReference section */

/* Begin PBXFrameworksBuildPhase section */
		96DD8CB92653D376005AC00A /* Frameworks */ = {
			isa = PBXFrameworksBuildPhase;
			buildActionMask = 2147483647;
			files = (
				E49FDD1C1FB6FF14D3A182DA /* Pods_TODOer.framework in Frameworks */,
			);
			runOnlyForDeploymentPostprocessing = 0;
		};
		96DD8CCF2653D378005AC00A /* Frameworks */ = {
			isa = PBXFrameworksBuildPhase;
			buildActionMask = 2147483647;
			files = (
				A217745EA6841A879C8E8EE5 /* Pods_TODOerTests.framework in Frameworks */,
			);
			runOnlyForDeploymentPostprocessing = 0;
		};
		96DD8CDA2653D378005AC00A /* Frameworks */ = {
			isa = PBXFrameworksBuildPhase;
			buildActionMask = 2147483647;
			files = (
				B0EE85DD9AD414C95F415A8D /* Pods_TODOer_TODOerUITests.framework in Frameworks */,
			);
			runOnlyForDeploymentPostprocessing = 0;
		};
/* End PBXFrameworksBuildPhase section */

/* Begin PBXGroup section */
		8A8B82FDA0782C144AA5CA4B /* Pods */ = {
			isa = PBXGroup;
			children = (
				FF8252F210452D8D53636FE7 /* Pods-TODOer.debug.xcconfig */,
				19F12506F8C71A48B2836F47 /* Pods-TODOer.release.xcconfig */,
				F9F55C4245965EBB891CB88F /* Pods-TODOer-TODOerUITests.debug.xcconfig */,
				C848D24C74BCE2D0A771325E /* Pods-TODOer-TODOerUITests.release.xcconfig */,
				EA5ECA34D8592931B107D811 /* Pods-TODOerTests.debug.xcconfig */,
				76E1DB33E585C4D3497469DF /* Pods-TODOerTests.release.xcconfig */,
			);
			path = Pods;
			sourceTree = "<group>";
		};
		9667982C2687AC6B00A5862A /* Models */ = {
			isa = PBXGroup;
			children = (
				96C487BA268CED7E0027D24D /* App */,
				96679840268A424C00A5862A /* Common */,
				96679841268A425500A5862A /* TaskList */,
				96679842268A426000A5862A /* Task */,
			);
			path = Models;
			sourceTree = "<group>";
		};
		966798312687B1A100A5862A /* Extensions */ = {
			isa = PBXGroup;
			children = (
				966798322687B1C000A5862A /* UIColor.swift */,
			);
			path = Extensions;
			sourceTree = "<group>";
		};
		966798342687B2DC00A5862A /* Extensions */ = {
			isa = PBXGroup;
			children = (
				966798352687B2EE00A5862A /* UIColorTests.swift */,
			);
			path = Extensions;
			sourceTree = "<group>";
		};
		966798372687B91B00A5862A /* Models */ = {
			isa = PBXGroup;
			children = (
				96C487BF268D9E0E0027D24D /* AppModelTests.swift */,
				966798382687B93900A5862A /* TaskListBuilderTests.swift */,
			);
			path = Models;
			sourceTree = "<group>";
		};
		96679840268A424C00A5862A /* Common */ = {
			isa = PBXGroup;
			children = (
				9667983A2688F79400A5862A /* CodeList.swift */,
			);
			path = Common;
			sourceTree = "<group>";
		};
		96679841268A425500A5862A /* TaskList */ = {
			isa = PBXGroup;
			children = (
				9667982D2687AC9300A5862A /* TaskList.swift */,
				9667982F2687AF4100A5862A /* TaskListBuilder.swift */,
			);
			path = TaskList;
			sourceTree = "<group>";
		};
		96679842268A426000A5862A /* Task */ = {
			isa = PBXGroup;
			children = (
				9667983C2688F85900A5862A /* TaskPriority.swift */,
				9667983E268A41EA00A5862A /* TaskStatus.swift */,
			);
			path = Task;
			sourceTree = "<group>";
		};
		96C487BA268CED7E0027D24D /* App */ = {
			isa = PBXGroup;
			children = (
				96C487BB268CEDF60027D24D /* AppModel.swift */,
				96C487BD268CEF940027D24D /* MockAppModel.swift */,
			);
			path = App;
			sourceTree = "<group>";
		};
		96DD8CB32653D376005AC00A = {
			isa = PBXGroup;
			children = (
				96DD8CEF2653D48C005AC00A /* .gitignore */,
				96DD8CF62653D8D7005AC00A /* Podfile */,
				96DD8CFB2653DC03005AC00A /* .swiftlint.yml */,
				96DD8CBE2653D376005AC00A /* TODOer */,
				96DD8CD52653D378005AC00A /* TODOerTests */,
				96DD8CE02653D378005AC00A /* TODOerUITests */,
				96DD8CBD2653D376005AC00A /* Products */,
				8A8B82FDA0782C144AA5CA4B /* Pods */,
				ADE14666756F3E0E4EAE44E1 /* Frameworks */,
			);
			sourceTree = "<group>";
		};
		96DD8CBD2653D376005AC00A /* Products */ = {
			isa = PBXGroup;
			children = (
				96DD8CBC2653D376005AC00A /* TODOer.app */,
				96DD8CD22653D378005AC00A /* TODOerTests.xctest */,
				96DD8CDD2653D378005AC00A /* TODOerUITests.xctest */,
			);
			name = Products;
			sourceTree = "<group>";
		};
		96DD8CBE2653D376005AC00A /* TODOer */ = {
			isa = PBXGroup;
			children = (
				96DD8CBF2653D376005AC00A /* AppDelegate.swift */,
				966798312687B1A100A5862A /* Extensions */,
				9667982C2687AC6B00A5862A /* Models */,
				96DD8CF22653D646005AC00A /* Resources */,
				96DD8CF32653D65C005AC00A /* Scenes */,
				96DD8CF12653D5FC005AC00A /* Views */,
			);
			path = TODOer;
			sourceTree = "<group>";
		};
		96DD8CD52653D378005AC00A /* TODOerTests */ = {
			isa = PBXGroup;
			children = (
				966798342687B2DC00A5862A /* Extensions */,
				966798372687B91B00A5862A /* Models */,
				96DD8CD62653D378005AC00A /* TODOerTests.swift */,
				96DD8CD82653D378005AC00A /* Info.plist */,
			);
			path = TODOerTests;
			sourceTree = "<group>";
		};
		96DD8CE02653D378005AC00A /* TODOerUITests */ = {
			isa = PBXGroup;
			children = (
				96DD8CE12653D378005AC00A /* TODOerUITests.swift */,
				96DD8CE32653D378005AC00A /* Info.plist */,
			);
			path = TODOerUITests;
			sourceTree = "<group>";
		};
		96DD8CF12653D5FC005AC00A /* Views */ = {
			isa = PBXGroup;
			children = (
				96DD8CC52653D376005AC00A /* Main.storyboard */,
				96DD8CCA2653D378005AC00A /* LaunchScreen.storyboard */,
			);
			path = Views;
			sourceTree = "<group>";
		};
		96DD8CF22653D646005AC00A /* Resources */ = {
			isa = PBXGroup;
			children = (
				96DD8CC82653D378005AC00A /* Assets.xcassets */,
				96DD8CCD2653D378005AC00A /* Info.plist */,
			);
			path = Resources;
			sourceTree = "<group>";
		};
		96DD8CF32653D65C005AC00A /* Scenes */ = {
			isa = PBXGroup;
			children = (
				96DD8CC12653D376005AC00A /* SceneDelegate.swift */,
				96DD8CC32653D376005AC00A /* ViewController.swift */,
			);
			path = Scenes;
			sourceTree = "<group>";
		};
		ADE14666756F3E0E4EAE44E1 /* Frameworks */ = {
			isa = PBXGroup;
			children = (
				D72D2968E81C0265A3322E0D /* Pods_TODOer.framework */,
				988D327E73A9221500537311 /* Pods_TODOer_TODOerUITests.framework */,
				AB99BDD48B2EC3643E4D62FD /* Pods_TODOerTests.framework */,
			);
			name = Frameworks;
			sourceTree = "<group>";
		};
/* End PBXGroup section */

/* Begin PBXNativeTarget section */
		96DD8CBB2653D376005AC00A /* TODOer */ = {
			isa = PBXNativeTarget;
			buildConfigurationList = 96DD8CE62653D378005AC00A /* Build configuration list for PBXNativeTarget "TODOer" */;
			buildPhases = (
				BAD4D2ABB5CFD46910751EBE /* [CP] Check Pods Manifest.lock */,
				96DD8CB82653D376005AC00A /* Sources */,
				96DD8CB92653D376005AC00A /* Frameworks */,
				96DD8CBA2653D376005AC00A /* Resources */,
				96DD8CF82653D99D005AC00A /* ShellScript */,
			);
			buildRules = (
			);
			dependencies = (
			);
			name = TODOer;
			productName = TODOer;
			productReference = 96DD8CBC2653D376005AC00A /* TODOer.app */;
			productType = "com.apple.product-type.application";
		};
		96DD8CD12653D378005AC00A /* TODOerTests */ = {
			isa = PBXNativeTarget;
			buildConfigurationList = 96DD8CE92653D378005AC00A /* Build configuration list for PBXNativeTarget "TODOerTests" */;
			buildPhases = (
				2C50DC4A61445AFC30128AEE /* [CP] Check Pods Manifest.lock */,
				96DD8CCE2653D378005AC00A /* Sources */,
				96DD8CCF2653D378005AC00A /* Frameworks */,
				96DD8CD02653D378005AC00A /* Resources */,
			);
			buildRules = (
			);
			dependencies = (
				96DD8CD42653D378005AC00A /* PBXTargetDependency */,
			);
			name = TODOerTests;
			productName = TODOerTests;
			productReference = 96DD8CD22653D378005AC00A /* TODOerTests.xctest */;
			productType = "com.apple.product-type.bundle.unit-test";
		};
		96DD8CDC2653D378005AC00A /* TODOerUITests */ = {
			isa = PBXNativeTarget;
			buildConfigurationList = 96DD8CEC2653D378005AC00A /* Build configuration list for PBXNativeTarget "TODOerUITests" */;
			buildPhases = (
				3A33497048F1ADBA3C62B2DF /* [CP] Check Pods Manifest.lock */,
				96DD8CD92653D378005AC00A /* Sources */,
				96DD8CDA2653D378005AC00A /* Frameworks */,
				96DD8CDB2653D378005AC00A /* Resources */,
			);
			buildRules = (
			);
			dependencies = (
				96DD8CDF2653D378005AC00A /* PBXTargetDependency */,
			);
			name = TODOerUITests;
			productName = TODOerUITests;
			productReference = 96DD8CDD2653D378005AC00A /* TODOerUITests.xctest */;
			productType = "com.apple.product-type.bundle.ui-testing";
		};
/* End PBXNativeTarget section */

/* Begin PBXProject section */
		96DD8CB42653D376005AC00A /* Project object */ = {
			isa = PBXProject;
			attributes = {
				LastSwiftUpdateCheck = 1250;
				LastUpgradeCheck = 1250;
				TargetAttributes = {
					96DD8CBB2653D376005AC00A = {
						CreatedOnToolsVersion = 12.5;
					};
					96DD8CD12653D378005AC00A = {
						CreatedOnToolsVersion = 12.5;
						TestTargetID = 96DD8CBB2653D376005AC00A;
					};
					96DD8CDC2653D378005AC00A = {
						CreatedOnToolsVersion = 12.5;
						TestTargetID = 96DD8CBB2653D376005AC00A;
					};
				};
			};
			buildConfigurationList = 96DD8CB72653D376005AC00A /* Build configuration list for PBXProject "TODOer" */;
			compatibilityVersion = "Xcode 9.3";
			developmentRegion = en;
			hasScannedForEncodings = 0;
			knownRegions = (
				en,
				Base,
			);
			mainGroup = 96DD8CB32653D376005AC00A;
			productRefGroup = 96DD8CBD2653D376005AC00A /* Products */;
			projectDirPath = "";
			projectRoot = "";
			targets = (
				96DD8CBB2653D376005AC00A /* TODOer */,
				96DD8CD12653D378005AC00A /* TODOerTests */,
				96DD8CDC2653D378005AC00A /* TODOerUITests */,
			);
		};
/* End PBXProject section */

/* Begin PBXResourcesBuildPhase section */
		96DD8CBA2653D376005AC00A /* Resources */ = {
			isa = PBXResourcesBuildPhase;
			buildActionMask = 2147483647;
			files = (
				96DD8CFC2653DC03005AC00A /* .swiftlint.yml in Resources */,
				96DD8CF72653D8D7005AC00A /* Podfile in Resources */,
				96DD8CF02653D48C005AC00A /* .gitignore in Resources */,
				96DD8CCC2653D378005AC00A /* LaunchScreen.storyboard in Resources */,
				96DD8CC92653D378005AC00A /* Assets.xcassets in Resources */,
				96DD8CC72653D376005AC00A /* Main.storyboard in Resources */,
			);
			runOnlyForDeploymentPostprocessing = 0;
		};
		96DD8CD02653D378005AC00A /* Resources */ = {
			isa = PBXResourcesBuildPhase;
			buildActionMask = 2147483647;
			files = (
			);
			runOnlyForDeploymentPostprocessing = 0;
		};
		96DD8CDB2653D378005AC00A /* Resources */ = {
			isa = PBXResourcesBuildPhase;
			buildActionMask = 2147483647;
			files = (
			);
			runOnlyForDeploymentPostprocessing = 0;
		};
/* End PBXResourcesBuildPhase section */

/* Begin PBXShellScriptBuildPhase section */
		2C50DC4A61445AFC30128AEE /* [CP] Check Pods Manifest.lock */ = {
			isa = PBXShellScriptBuildPhase;
			buildActionMask = 2147483647;
			files = (
			);
			inputFileListPaths = (
			);
			inputPaths = (
				"${PODS_PODFILE_DIR_PATH}/Podfile.lock",
				"${PODS_ROOT}/Manifest.lock",
			);
			name = "[CP] Check Pods Manifest.lock";
			outputFileListPaths = (
			);
			outputPaths = (
				"$(DERIVED_FILE_DIR)/Pods-TODOerTests-checkManifestLockResult.txt",
			);
			runOnlyForDeploymentPostprocessing = 0;
			shellPath = /bin/sh;
			shellScript = "diff \"${PODS_PODFILE_DIR_PATH}/Podfile.lock\" \"${PODS_ROOT}/Manifest.lock\" > /dev/null\nif [ $? != 0 ] ; then\n    # print error to STDERR\n    echo \"error: The sandbox is not in sync with the Podfile.lock. Run 'pod install' or update your CocoaPods installation.\" >&2\n    exit 1\nfi\n# This output is used by Xcode 'outputs' to avoid re-running this script phase.\necho \"SUCCESS\" > \"${SCRIPT_OUTPUT_FILE_0}\"\n";
			showEnvVarsInLog = 0;
		};
		3A33497048F1ADBA3C62B2DF /* [CP] Check Pods Manifest.lock */ = {
			isa = PBXShellScriptBuildPhase;
			buildActionMask = 2147483647;
			files = (
			);
			inputFileListPaths = (
			);
			inputPaths = (
				"${PODS_PODFILE_DIR_PATH}/Podfile.lock",
				"${PODS_ROOT}/Manifest.lock",
			);
			name = "[CP] Check Pods Manifest.lock";
			outputFileListPaths = (
			);
			outputPaths = (
				"$(DERIVED_FILE_DIR)/Pods-TODOer-TODOerUITests-checkManifestLockResult.txt",
			);
			runOnlyForDeploymentPostprocessing = 0;
			shellPath = /bin/sh;
			shellScript = "diff \"${PODS_PODFILE_DIR_PATH}/Podfile.lock\" \"${PODS_ROOT}/Manifest.lock\" > /dev/null\nif [ $? != 0 ] ; then\n    # print error to STDERR\n    echo \"error: The sandbox is not in sync with the Podfile.lock. Run 'pod install' or update your CocoaPods installation.\" >&2\n    exit 1\nfi\n# This output is used by Xcode 'outputs' to avoid re-running this script phase.\necho \"SUCCESS\" > \"${SCRIPT_OUTPUT_FILE_0}\"\n";
			showEnvVarsInLog = 0;
		};
		96DD8CF82653D99D005AC00A /* ShellScript */ = {
			isa = PBXShellScriptBuildPhase;
			buildActionMask = 2147483647;
			files = (
			);
			inputFileListPaths = (
			);
			inputPaths = (
			);
			outputFileListPaths = (
			);
			outputPaths = (
			);
			runOnlyForDeploymentPostprocessing = 0;
			shellPath = /bin/sh;
			shellScript = "\"${PODS_ROOT}/SwiftLint/swiftlint\"\n";
		};
		BAD4D2ABB5CFD46910751EBE /* [CP] Check Pods Manifest.lock */ = {
			isa = PBXShellScriptBuildPhase;
			buildActionMask = 2147483647;
			files = (
			);
			inputFileListPaths = (
			);
			inputPaths = (
				"${PODS_PODFILE_DIR_PATH}/Podfile.lock",
				"${PODS_ROOT}/Manifest.lock",
			);
			name = "[CP] Check Pods Manifest.lock";
			outputFileListPaths = (
			);
			outputPaths = (
				"$(DERIVED_FILE_DIR)/Pods-TODOer-checkManifestLockResult.txt",
			);
			runOnlyForDeploymentPostprocessing = 0;
			shellPath = /bin/sh;
			shellScript = "diff \"${PODS_PODFILE_DIR_PATH}/Podfile.lock\" \"${PODS_ROOT}/Manifest.lock\" > /dev/null\nif [ $? != 0 ] ; then\n    # print error to STDERR\n    echo \"error: The sandbox is not in sync with the Podfile.lock. Run 'pod install' or update your CocoaPods installation.\" >&2\n    exit 1\nfi\n# This output is used by Xcode 'outputs' to avoid re-running this script phase.\necho \"SUCCESS\" > \"${SCRIPT_OUTPUT_FILE_0}\"\n";
			showEnvVarsInLog = 0;
		};
/* End PBXShellScriptBuildPhase section */

/* Begin PBXSourcesBuildPhase section */
		96DD8CB82653D376005AC00A /* Sources */ = {
			isa = PBXSourcesBuildPhase;
			buildActionMask = 2147483647;
			files = (
				9667982E2687AC9300A5862A /* TaskList.swift in Sources */,
				966798332687B1C000A5862A /* UIColor.swift in Sources */,
				9667983D2688F85900A5862A /* TaskPriority.swift in Sources */,
				96C487BC268CEDF60027D24D /* AppModel.swift in Sources */,
				96DD8CC42653D376005AC00A /* ViewController.swift in Sources */,
				96DD8CC02653D376005AC00A /* AppDelegate.swift in Sources */,
				966798302687AF4100A5862A /* TaskListBuilder.swift in Sources */,
				9667983F268A41EA00A5862A /* TaskStatus.swift in Sources */,
				96C487BE268CEF940027D24D /* MockAppModel.swift in Sources */,
				9667983B2688F79400A5862A /* CodeList.swift in Sources */,
				96DD8CC22653D376005AC00A /* SceneDelegate.swift in Sources */,
			);
			runOnlyForDeploymentPostprocessing = 0;
		};
		96DD8CCE2653D378005AC00A /* Sources */ = {
			isa = PBXSourcesBuildPhase;
			buildActionMask = 2147483647;
			files = (
				96DD8CD72653D378005AC00A /* TODOerTests.swift in Sources */,
				966798392687B93900A5862A /* TaskListBuilderTests.swift in Sources */,
				966798362687B2EE00A5862A /* UIColorTests.swift in Sources */,
				96C487C0268D9E0E0027D24D /* AppModelTests.swift in Sources */,
			);
			runOnlyForDeploymentPostprocessing = 0;
		};
		96DD8CD92653D378005AC00A /* Sources */ = {
			isa = PBXSourcesBuildPhase;
			buildActionMask = 2147483647;
			files = (
				96DD8CE22653D378005AC00A /* TODOerUITests.swift in Sources */,
			);
			runOnlyForDeploymentPostprocessing = 0;
		};
/* End PBXSourcesBuildPhase section */

/* Begin PBXTargetDependency section */
		96DD8CD42653D378005AC00A /* PBXTargetDependency */ = {
			isa = PBXTargetDependency;
			target = 96DD8CBB2653D376005AC00A /* TODOer */;
			targetProxy = 96DD8CD32653D378005AC00A /* PBXContainerItemProxy */;
		};
		96DD8CDF2653D378005AC00A /* PBXTargetDependency */ = {
			isa = PBXTargetDependency;
			target = 96DD8CBB2653D376005AC00A /* TODOer */;
			targetProxy = 96DD8CDE2653D378005AC00A /* PBXContainerItemProxy */;
		};
/* End PBXTargetDependency section */

/* Begin PBXVariantGroup section */
		96DD8CC52653D376005AC00A /* Main.storyboard */ = {
			isa = PBXVariantGroup;
			children = (
				96DD8CC62653D376005AC00A /* Base */,
			);
			name = Main.storyboard;
			sourceTree = "<group>";
		};
		96DD8CCA2653D378005AC00A /* LaunchScreen.storyboard */ = {
			isa = PBXVariantGroup;
			children = (
				96DD8CCB2653D378005AC00A /* Base */,
			);
			name = LaunchScreen.storyboard;
			sourceTree = "<group>";
		};
/* End PBXVariantGroup section */

/* Begin XCBuildConfiguration section */
		96DD8CE42653D378005AC00A /* Debug */ = {
			isa = XCBuildConfiguration;
			buildSettings = {
				ALWAYS_SEARCH_USER_PATHS = NO;
				CLANG_ANALYZER_NONNULL = YES;
				CLANG_ANALYZER_NUMBER_OBJECT_CONVERSION = YES_AGGRESSIVE;
				CLANG_CXX_LANGUAGE_STANDARD = "gnu++14";
				CLANG_CXX_LIBRARY = "libc++";
				CLANG_ENABLE_MODULES = YES;
				CLANG_ENABLE_OBJC_ARC = YES;
				CLANG_ENABLE_OBJC_WEAK = YES;
				CLANG_WARN_BLOCK_CAPTURE_AUTORELEASING = YES;
				CLANG_WARN_BOOL_CONVERSION = YES;
				CLANG_WARN_COMMA = YES;
				CLANG_WARN_CONSTANT_CONVERSION = YES;
				CLANG_WARN_DEPRECATED_OBJC_IMPLEMENTATIONS = YES;
				CLANG_WARN_DIRECT_OBJC_ISA_USAGE = YES_ERROR;
				CLANG_WARN_DOCUMENTATION_COMMENTS = YES;
				CLANG_WARN_EMPTY_BODY = YES;
				CLANG_WARN_ENUM_CONVERSION = YES;
				CLANG_WARN_INFINITE_RECURSION = YES;
				CLANG_WARN_INT_CONVERSION = YES;
				CLANG_WARN_NON_LITERAL_NULL_CONVERSION = YES;
				CLANG_WARN_OBJC_IMPLICIT_RETAIN_SELF = YES;
				CLANG_WARN_OBJC_LITERAL_CONVERSION = YES;
				CLANG_WARN_OBJC_ROOT_CLASS = YES_ERROR;
				CLANG_WARN_QUOTED_INCLUDE_IN_FRAMEWORK_HEADER = YES;
				CLANG_WARN_RANGE_LOOP_ANALYSIS = YES;
				CLANG_WARN_STRICT_PROTOTYPES = YES;
				CLANG_WARN_SUSPICIOUS_MOVE = YES;
				CLANG_WARN_UNGUARDED_AVAILABILITY = YES_AGGRESSIVE;
				CLANG_WARN_UNREACHABLE_CODE = YES;
				CLANG_WARN__DUPLICATE_METHOD_MATCH = YES;
				COPY_PHASE_STRIP = NO;
				DEBUG_INFORMATION_FORMAT = dwarf;
				ENABLE_STRICT_OBJC_MSGSEND = YES;
				ENABLE_TESTABILITY = YES;
				GCC_C_LANGUAGE_STANDARD = gnu11;
				GCC_DYNAMIC_NO_PIC = NO;
				GCC_NO_COMMON_BLOCKS = YES;
				GCC_OPTIMIZATION_LEVEL = 0;
				GCC_PREPROCESSOR_DEFINITIONS = (
					"DEBUG=1",
					"$(inherited)",
				);
				GCC_WARN_64_TO_32_BIT_CONVERSION = YES;
				GCC_WARN_ABOUT_RETURN_TYPE = YES_ERROR;
				GCC_WARN_UNDECLARED_SELECTOR = YES;
				GCC_WARN_UNINITIALIZED_AUTOS = YES_AGGRESSIVE;
				GCC_WARN_UNUSED_FUNCTION = YES;
				GCC_WARN_UNUSED_VARIABLE = YES;
				IPHONEOS_DEPLOYMENT_TARGET = 14.5;
				MTL_ENABLE_DEBUG_INFO = INCLUDE_SOURCE;
				MTL_FAST_MATH = YES;
				ONLY_ACTIVE_ARCH = YES;
				SDKROOT = iphoneos;
				SWIFT_ACTIVE_COMPILATION_CONDITIONS = DEBUG;
				SWIFT_OPTIMIZATION_LEVEL = "-Onone";
			};
			name = Debug;
		};
		96DD8CE52653D378005AC00A /* Release */ = {
			isa = XCBuildConfiguration;
			buildSettings = {
				ALWAYS_SEARCH_USER_PATHS = NO;
				CLANG_ANALYZER_NONNULL = YES;
				CLANG_ANALYZER_NUMBER_OBJECT_CONVERSION = YES_AGGRESSIVE;
				CLANG_CXX_LANGUAGE_STANDARD = "gnu++14";
				CLANG_CXX_LIBRARY = "libc++";
				CLANG_ENABLE_MODULES = YES;
				CLANG_ENABLE_OBJC_ARC = YES;
				CLANG_ENABLE_OBJC_WEAK = YES;
				CLANG_WARN_BLOCK_CAPTURE_AUTORELEASING = YES;
				CLANG_WARN_BOOL_CONVERSION = YES;
				CLANG_WARN_COMMA = YES;
				CLANG_WARN_CONSTANT_CONVERSION = YES;
				CLANG_WARN_DEPRECATED_OBJC_IMPLEMENTATIONS = YES;
				CLANG_WARN_DIRECT_OBJC_ISA_USAGE = YES_ERROR;
				CLANG_WARN_DOCUMENTATION_COMMENTS = YES;
				CLANG_WARN_EMPTY_BODY = YES;
				CLANG_WARN_ENUM_CONVERSION = YES;
				CLANG_WARN_INFINITE_RECURSION = YES;
				CLANG_WARN_INT_CONVERSION = YES;
				CLANG_WARN_NON_LITERAL_NULL_CONVERSION = YES;
				CLANG_WARN_OBJC_IMPLICIT_RETAIN_SELF = YES;
				CLANG_WARN_OBJC_LITERAL_CONVERSION = YES;
				CLANG_WARN_OBJC_ROOT_CLASS = YES_ERROR;
				CLANG_WARN_QUOTED_INCLUDE_IN_FRAMEWORK_HEADER = YES;
				CLANG_WARN_RANGE_LOOP_ANALYSIS = YES;
				CLANG_WARN_STRICT_PROTOTYPES = YES;
				CLANG_WARN_SUSPICIOUS_MOVE = YES;
				CLANG_WARN_UNGUARDED_AVAILABILITY = YES_AGGRESSIVE;
				CLANG_WARN_UNREACHABLE_CODE = YES;
				CLANG_WARN__DUPLICATE_METHOD_MATCH = YES;
				COPY_PHASE_STRIP = NO;
				DEBUG_INFORMATION_FORMAT = "dwarf-with-dsym";
				ENABLE_NS_ASSERTIONS = NO;
				ENABLE_STRICT_OBJC_MSGSEND = YES;
				GCC_C_LANGUAGE_STANDARD = gnu11;
				GCC_NO_COMMON_BLOCKS = YES;
				GCC_WARN_64_TO_32_BIT_CONVERSION = YES;
				GCC_WARN_ABOUT_RETURN_TYPE = YES_ERROR;
				GCC_WARN_UNDECLARED_SELECTOR = YES;
				GCC_WARN_UNINITIALIZED_AUTOS = YES_AGGRESSIVE;
				GCC_WARN_UNUSED_FUNCTION = YES;
				GCC_WARN_UNUSED_VARIABLE = YES;
				IPHONEOS_DEPLOYMENT_TARGET = 14.5;
				MTL_ENABLE_DEBUG_INFO = NO;
				MTL_FAST_MATH = YES;
				SDKROOT = iphoneos;
				SWIFT_COMPILATION_MODE = wholemodule;
				SWIFT_OPTIMIZATION_LEVEL = "-O";
				VALIDATE_PRODUCT = YES;
			};
			name = Release;
		};
		96DD8CE72653D378005AC00A /* Debug */ = {
			isa = XCBuildConfiguration;
			baseConfigurationReference = FF8252F210452D8D53636FE7 /* Pods-TODOer.debug.xcconfig */;
			buildSettings = {
				ASSETCATALOG_COMPILER_APPICON_NAME = AppIcon;
				ASSETCATALOG_COMPILER_GLOBAL_ACCENT_COLOR_NAME = AccentColor;
				CODE_SIGN_STYLE = Automatic;
				DEVELOPMENT_TEAM = 34MXHV49DX;
				INFOPLIST_FILE = TODOer/Resources/Info.plist;
				LD_RUNPATH_SEARCH_PATHS = (
					"$(inherited)",
					"@executable_path/Frameworks",
				);
				PRODUCT_BUNDLE_IDENTIFIER = de.robertwitt.TODOer;
				PRODUCT_NAME = "$(TARGET_NAME)";
				SWIFT_VERSION = 5.0;
				TARGETED_DEVICE_FAMILY = "1,2";
			};
			name = Debug;
		};
		96DD8CE82653D378005AC00A /* Release */ = {
			isa = XCBuildConfiguration;
			baseConfigurationReference = 19F12506F8C71A48B2836F47 /* Pods-TODOer.release.xcconfig */;
			buildSettings = {
				ASSETCATALOG_COMPILER_APPICON_NAME = AppIcon;
				ASSETCATALOG_COMPILER_GLOBAL_ACCENT_COLOR_NAME = AccentColor;
				CODE_SIGN_STYLE = Automatic;
				DEVELOPMENT_TEAM = 34MXHV49DX;
				INFOPLIST_FILE = TODOer/Resources/Info.plist;
				LD_RUNPATH_SEARCH_PATHS = (
					"$(inherited)",
					"@executable_path/Frameworks",
				);
				PRODUCT_BUNDLE_IDENTIFIER = de.robertwitt.TODOer;
				PRODUCT_NAME = "$(TARGET_NAME)";
				SWIFT_VERSION = 5.0;
				TARGETED_DEVICE_FAMILY = "1,2";
			};
			name = Release;
		};
		96DD8CEA2653D378005AC00A /* Debug */ = {
			isa = XCBuildConfiguration;
			baseConfigurationReference = EA5ECA34D8592931B107D811 /* Pods-TODOerTests.debug.xcconfig */;
			buildSettings = {
				ALWAYS_EMBED_SWIFT_STANDARD_LIBRARIES = YES;
				BUNDLE_LOADER = "$(TEST_HOST)";
				CODE_SIGN_STYLE = Automatic;
				DEVELOPMENT_TEAM = 34MXHV49DX;
				INFOPLIST_FILE = TODOerTests/Info.plist;
				IPHONEOS_DEPLOYMENT_TARGET = 14.5;
				LD_RUNPATH_SEARCH_PATHS = (
					"$(inherited)",
					"@executable_path/Frameworks",
					"@loader_path/Frameworks",
				);
				PRODUCT_BUNDLE_IDENTIFIER = de.robertwitt.TODOerTests;
				PRODUCT_NAME = "$(TARGET_NAME)";
				SWIFT_VERSION = 5.0;
				TARGETED_DEVICE_FAMILY = "1,2";
				TEST_HOST = "$(BUILT_PRODUCTS_DIR)/TODOer.app/TODOer";
			};
			name = Debug;
		};
		96DD8CEB2653D378005AC00A /* Release */ = {
			isa = XCBuildConfiguration;
			baseConfigurationReference = 76E1DB33E585C4D3497469DF /* Pods-TODOerTests.release.xcconfig */;
			buildSettings = {
				ALWAYS_EMBED_SWIFT_STANDARD_LIBRARIES = YES;
				BUNDLE_LOADER = "$(TEST_HOST)";
				CODE_SIGN_STYLE = Automatic;
				DEVELOPMENT_TEAM = 34MXHV49DX;
				INFOPLIST_FILE = TODOerTests/Info.plist;
				IPHONEOS_DEPLOYMENT_TARGET = 14.5;
				LD_RUNPATH_SEARCH_PATHS = (
					"$(inherited)",
					"@executable_path/Frameworks",
					"@loader_path/Frameworks",
				);
				PRODUCT_BUNDLE_IDENTIFIER = de.robertwitt.TODOerTests;
				PRODUCT_NAME = "$(TARGET_NAME)";
				SWIFT_VERSION = 5.0;
				TARGETED_DEVICE_FAMILY = "1,2";
				TEST_HOST = "$(BUILT_PRODUCTS_DIR)/TODOer.app/TODOer";
			};
			name = Release;
		};
		96DD8CED2653D378005AC00A /* Debug */ = {
			isa = XCBuildConfiguration;
			baseConfigurationReference = F9F55C4245965EBB891CB88F /* Pods-TODOer-TODOerUITests.debug.xcconfig */;
			buildSettings = {
				ALWAYS_EMBED_SWIFT_STANDARD_LIBRARIES = YES;
				CODE_SIGN_STYLE = Automatic;
				DEVELOPMENT_TEAM = 34MXHV49DX;
				INFOPLIST_FILE = TODOerUITests/Info.plist;
				LD_RUNPATH_SEARCH_PATHS = (
					"$(inherited)",
					"@executable_path/Frameworks",
					"@loader_path/Frameworks",
				);
				PRODUCT_BUNDLE_IDENTIFIER = de.robertwitt.TODOerUITests;
				PRODUCT_NAME = "$(TARGET_NAME)";
				SWIFT_VERSION = 5.0;
				TARGETED_DEVICE_FAMILY = "1,2";
				TEST_TARGET_NAME = TODOer;
			};
			name = Debug;
		};
		96DD8CEE2653D378005AC00A /* Release */ = {
			isa = XCBuildConfiguration;
			baseConfigurationReference = C848D24C74BCE2D0A771325E /* Pods-TODOer-TODOerUITests.release.xcconfig */;
			buildSettings = {
				ALWAYS_EMBED_SWIFT_STANDARD_LIBRARIES = YES;
				CODE_SIGN_STYLE = Automatic;
				DEVELOPMENT_TEAM = 34MXHV49DX;
				INFOPLIST_FILE = TODOerUITests/Info.plist;
				LD_RUNPATH_SEARCH_PATHS = (
					"$(inherited)",
					"@executable_path/Frameworks",
					"@loader_path/Frameworks",
				);
				PRODUCT_BUNDLE_IDENTIFIER = de.robertwitt.TODOerUITests;
				PRODUCT_NAME = "$(TARGET_NAME)";
				SWIFT_VERSION = 5.0;
				TARGETED_DEVICE_FAMILY = "1,2";
				TEST_TARGET_NAME = TODOer;
			};
			name = Release;
		};
/* End XCBuildConfiguration section */

/* Begin XCConfigurationList section */
		96DD8CB72653D376005AC00A /* Build configuration list for PBXProject "TODOer" */ = {
			isa = XCConfigurationList;
			buildConfigurations = (
				96DD8CE42653D378005AC00A /* Debug */,
				96DD8CE52653D378005AC00A /* Release */,
			);
			defaultConfigurationIsVisible = 0;
			defaultConfigurationName = Release;
		};
		96DD8CE62653D378005AC00A /* Build configuration list for PBXNativeTarget "TODOer" */ = {
			isa = XCConfigurationList;
			buildConfigurations = (
				96DD8CE72653D378005AC00A /* Debug */,
				96DD8CE82653D378005AC00A /* Release */,
			);
			defaultConfigurationIsVisible = 0;
			defaultConfigurationName = Release;
		};
		96DD8CE92653D378005AC00A /* Build configuration list for PBXNativeTarget "TODOerTests" */ = {
			isa = XCConfigurationList;
			buildConfigurations = (
				96DD8CEA2653D378005AC00A /* Debug */,
				96DD8CEB2653D378005AC00A /* Release */,
			);
			defaultConfigurationIsVisible = 0;
			defaultConfigurationName = Release;
		};
		96DD8CEC2653D378005AC00A /* Build configuration list for PBXNativeTarget "TODOerUITests" */ = {
			isa = XCConfigurationList;
			buildConfigurations = (
				96DD8CED2653D378005AC00A /* Debug */,
				96DD8CEE2653D378005AC00A /* Release */,
			);
			defaultConfigurationIsVisible = 0;
			defaultConfigurationName = Release;
		};
/* End XCConfigurationList section */
	};
	rootObject = 96DD8CB42653D376005AC00A /* Project object */;
}
